
Microsoft Visual Studio Solution File, Format Version 12.00
# Visual Studio Version 16
VisualStudioVersion = 16.0.32106.194
MinimumVisualStudioVersion = 10.0.40219.1
Project("{8BC9CEB8-8B4A-11D0-8D11-00A0C91BC942}") = "Template", "Template\Template.vcxproj", "{764ED4B5-86D6-4482-825F-CA42C559831A}"
EndProject
Global
	GlobalSection(SolutionConfigurationPlatforms) = preSolution
		Debug|x64 = Debug|x64
		Debug|x86 = Debug|x86
		Release|x64 = Release|x64
		Release|x86 = Release|x86
	EndGlobalSection
	GlobalSection(ProjectConfigurationPlatforms) = postSolution
		{764ED4B5-86D6-4482-825F-CA42C559831A}.Debug|x64.ActiveCfg = Debug|x64
		{764ED4B5-86D6-4482-825F-CA42C559831A}.Debug|x64.Build.0 = Debug|x64
		{764ED4B5-86D6-4482-825F-CA42C559831A}.Debug|x86.ActiveCfg = Debug|Win32
		{764ED4B5-86D6-4482-825F-CA42C559831A}.Debug|x86.Build.0 = Debug|Win32
		{764ED4B5-86D6-4482-825F-CA42C559831A}.Release|x64.ActiveCfg = Release|x64
		{764ED4B5-86D6-4482-825F-CA42C559831A}.Release|x64.Build.0 = Release|x64
		{764ED4B5-86D6-4482-825F-CA42C559831A}.Release|x86.ActiveCfg = Release|Win32
		{764ED4B5-86D6-4482-825F-CA42C559831A}.Release|x86.Build.0 = Release|Win32
	EndGlobalSection
	GlobalSection(SolutionProperties) = preSolution
		HideSolutionNode = FALSE
	EndGlobalSection
	GlobalSection(ExtensibilityGlobals) = postSolution
		SolutionGuid = {44A0A0BE-EAA9-4326-A149-763D4F799966}
	EndGlobalSection
EndGlobal
